// !$*UTF8*$!
{
	archiveVersion = 1;
	classes = {
	};
	objectVersion = 45;
	objects = {

/* Begin PBXBuildFile section */
		60E01B7C0F2B798100931EF9 /* PreferencePane.xib in Resources */ = {isa = PBXBuildFile; fileRef = 60E01B7B0F2B798100931EF9 /* PreferencePane.xib */; };
		60E01B800F2B79E200931EF9 /* PreferencePanes.framework in Frameworks */ = {isa = PBXBuildFile; fileRef = 60E01B7F0F2B79E200931EF9 /* PreferencePanes.framework */; };
		60E01B830F2B79F600931EF9 /* PreferencePaneController.m in Sources */ = {isa = PBXBuildFile; fileRef = 60E01B820F2B79F600931EF9 /* PreferencePaneController.m */; };
		60E01C160F2B81F900931EF9 /* CoreServices.framework in Frameworks */ = {isa = PBXBuildFile; fileRef = 60E01C150F2B81F900931EF9 /* CoreServices.framework */; };
		60E01C230F2B82FB00931EF9 /* Foundation.framework in Frameworks */ = {isa = PBXBuildFile; fileRef = 60E01C220F2B82FB00931EF9 /* Foundation.framework */; };
		60E01C300F2B843700931EF9 /* LazyPokenLauncher.m in Sources */ = {isa = PBXBuildFile; fileRef = 60E01C2F0F2B843700931EF9 /* LazyPokenLauncher.m */; };
		60E01C3D0F2B86EB00931EF9 /* hand.icns in Resources */ = {isa = PBXBuildFile; fileRef = 60E01C3C0F2B86EB00931EF9 /* hand.icns */; };
		60E01C7A0F2B8A9000931EF9 /* LaunchController.m in Sources */ = {isa = PBXBuildFile; fileRef = 60E01C790F2B8A9000931EF9 /* LaunchController.m */; };
		60E01DE80F2BC1B900931EF9 /* hand63.png in Resources */ = {isa = PBXBuildFile; fileRef = 60E01DE70F2BC1B900931EF9 /* hand63.png */; };
		8D5B49B0048680CD000E48DA /* InfoPlist.strings in Resources */ = {isa = PBXBuildFile; fileRef = 089C167DFE841241C02AAC07 /* InfoPlist.strings */; };
		8D5B49B4048680CD000E48DA /* Cocoa.framework in Frameworks */ = {isa = PBXBuildFile; fileRef = 1058C7ADFEA557BF11CA2CBB /* Cocoa.framework */; };
/* End PBXBuildFile section */

/* Begin PBXContainerItemProxy section */
		60E01DA20F2B9E1300931EF9 /* PBXContainerItemProxy */ = {
			isa = PBXContainerItemProxy;
			containerPortal = 089C1669FE841209C02AAC07 /* Project object */;
			proxyType = 1;
			remoteGlobalIDString = 8D5B49AC048680CD000E48DA /* Preference Pane */;
			remoteInfo = "Preference Pane";
		};
/* End PBXContainerItemProxy section */

/* Begin PBXCopyFilesBuildPhase section */
		60E01DA10F2B9DB600931EF9 /* CopyFiles */ = {
			isa = PBXCopyFilesBuildPhase;
			buildActionMask = 2147483647;
			dstPath = "";
			dstSubfolderSpec = 7;
			files = (
			);
			runOnlyForDeploymentPostprocessing = 0;
		};
/* End PBXCopyFilesBuildPhase section */

/* Begin PBXFileReference section */
		089C1672FE841209C02AAC07 /* Foundation.framework */ = {isa = PBXFileReference; lastKnownFileType = wrapper.framework; name = Foundation.framework; path = /System/Library/Frameworks/Foundation.framework; sourceTree = "<absolute>"; };
		089C167EFE841241C02AAC07 /* English */ = {isa = PBXFileReference; fileEncoding = 10; lastKnownFileType = text.plist.strings; name = English; path = English.lproj/InfoPlist.strings; sourceTree = "<group>"; };
		089C167FFE841241C02AAC07 /* AppKit.framework */ = {isa = PBXFileReference; lastKnownFileType = wrapper.framework; name = AppKit.framework; path = /System/Library/Frameworks/AppKit.framework; sourceTree = "<absolute>"; };
		1058C7ADFEA557BF11CA2CBB /* Cocoa.framework */ = {isa = PBXFileReference; lastKnownFileType = wrapper.framework; name = Cocoa.framework; path = /System/Library/Frameworks/Cocoa.framework; sourceTree = "<absolute>"; };
		32DBCF630370AF2F00C91783 /* LazyPoken_Prefix.pch */ = {isa = PBXFileReference; fileEncoding = 4; lastKnownFileType = sourcecode.c.h; path = LazyPoken_Prefix.pch; sourceTree = "<group>"; };
		60E01B7B0F2B798100931EF9 /* PreferencePane.xib */ = {isa = PBXFileReference; lastKnownFileType = file.xib; path = PreferencePane.xib; sourceTree = "<group>"; };
		60E01B7F0F2B79E200931EF9 /* PreferencePanes.framework */ = {isa = PBXFileReference; lastKnownFileType = wrapper.framework; name = PreferencePanes.framework; path = /System/Library/Frameworks/PreferencePanes.framework; sourceTree = "<absolute>"; };
		60E01B810F2B79F600931EF9 /* PreferencePaneController.h */ = {isa = PBXFileReference; fileEncoding = 4; lastKnownFileType = sourcecode.c.h; name = PreferencePaneController.h; path = classes/PreferencePaneController.h; sourceTree = "<group>"; };
		60E01B820F2B79F600931EF9 /* PreferencePaneController.m */ = {isa = PBXFileReference; fileEncoding = 4; lastKnownFileType = sourcecode.c.objc; name = PreferencePaneController.m; path = classes/PreferencePaneController.m; sourceTree = "<group>"; };
		60E01BE30F2B7FB800931EF9 /* Cocoa.framework */ = {isa = PBXFileReference; lastKnownFileType = wrapper.framework; name = Cocoa.framework; path = System/Library/Frameworks/Cocoa.framework; sourceTree = SDKROOT; };
		60E01BE80F2B800800931EF9 /* SSYLoginItems */ = {isa = PBXFileReference; lastKnownFileType = folder; name = SSYLoginItems; path = classes/SSYLoginItems; sourceTree = "<group>"; };
		60E01C130F2B81F900931EF9 /* CoreFoundation.framework */ = {isa = PBXFileReference; lastKnownFileType = wrapper.framework; name = CoreFoundation.framework; path = System/Library/Frameworks/CoreFoundation.framework; sourceTree = SDKROOT; };
		60E01C150F2B81F900931EF9 /* CoreServices.framework */ = {isa = PBXFileReference; lastKnownFileType = wrapper.framework; name = CoreServices.framework; path = System/Library/Frameworks/CoreServices.framework; sourceTree = SDKROOT; };
		60E01C220F2B82FB00931EF9 /* Foundation.framework */ = {isa = PBXFileReference; lastKnownFileType = wrapper.framework; name = Foundation.framework; path = System/Library/Frameworks/Foundation.framework; sourceTree = SDKROOT; };
		60E01C2F0F2B843700931EF9 /* LazyPokenLauncher.m */ = {isa = PBXFileReference; fileEncoding = 4; lastKnownFileType = sourcecode.c.objc; name = LazyPokenLauncher.m; path = classes/LazyPokenLauncher.m; sourceTree = "<group>"; };
		60E01C3C0F2B86EB00931EF9 /* hand.icns */ = {isa = PBXFileReference; lastKnownFileType = image.icns; name = hand.icns; path = resources/hand.icns; sourceTree = "<group>"; };
		60E01C780F2B8A9000931EF9 /* LaunchController.h */ = {isa = PBXFileReference; fileEncoding = 4; lastKnownFileType = sourcecode.c.h; name = LaunchController.h; path = classes/LaunchController.h; sourceTree = "<group>"; };
		60E01C790F2B8A9000931EF9 /* LaunchController.m */ = {isa = PBXFileReference; fileEncoding = 4; lastKnownFileType = sourcecode.c.objc; name = LaunchController.m; path = classes/LaunchController.m; sourceTree = "<group>"; };
		60E01CE90F2B93B900931EF9 /* LazyPoken */ = {isa = PBXFileReference; explicitFileType = "compiled.mach-o.executable"; includeInIndex = 0; path = LazyPoken; sourceTree = BUILT_PRODUCTS_DIR; };
		60E01DB40F2BB4C600931EF9 /* GlobalVariables.h */ = {isa = PBXFileReference; fileEncoding = 4; lastKnownFileType = sourcecode.c.h; name = GlobalVariables.h; path = classes/GlobalVariables.h; sourceTree = "<group>"; };
		60E01DE70F2BC1B900931EF9 /* hand63.png */ = {isa = PBXFileReference; lastKnownFileType = image.png; name = hand63.png; path = resources/hand63.png; sourceTree = "<group>"; };
		8D5B49B6048680CD000E48DA /* LazyPoken.prefpane */ = {isa = PBXFileReference; explicitFileType = wrapper.cfbundle; includeInIndex = 0; path = LazyPoken.prefpane; sourceTree = BUILT_PRODUCTS_DIR; };
		8D5B49B7048680CD000E48DA /* Info.plist */ = {isa = PBXFileReference; fileEncoding = 4; lastKnownFileType = text.plist.xml; path = Info.plist; sourceTree = "<group>"; };
		D2F7E65807B2D6F200F64583 /* CoreData.framework */ = {isa = PBXFileReference; lastKnownFileType = wrapper.framework; name = CoreData.framework; path = /System/Library/Frameworks/CoreData.framework; sourceTree = "<absolute>"; };
/* End PBXFileReference section */

/* Begin PBXFrameworksBuildPhase section */
		60E01BB90F2B7E1800931EF9 /* Frameworks */ = {
			isa = PBXFrameworksBuildPhase;
			buildActionMask = 2147483647;
			files = (
				60E01C160F2B81F900931EF9 /* CoreServices.framework in Frameworks */,
				60E01C230F2B82FB00931EF9 /* Foundation.framework in Frameworks */,
			);
			runOnlyForDeploymentPostprocessing = 0;
		};
		8D5B49B3048680CD000E48DA /* Frameworks */ = {
			isa = PBXFrameworksBuildPhase;
			buildActionMask = 2147483647;
			files = (
				8D5B49B4048680CD000E48DA /* Cocoa.framework in Frameworks */,
				60E01B800F2B79E200931EF9 /* PreferencePanes.framework in Frameworks */,
			);
			runOnlyForDeploymentPostprocessing = 0;
		};
/* End PBXFrameworksBuildPhase section */

/* Begin PBXGroup section */
		089C166AFE841209C02AAC07 /* LazyPoken */ = {
			isa = PBXGroup;
			children = (
				08FB77AFFE84173DC02AAC07 /* Classes */,
				32C88E010371C26100C91783 /* Other Sources */,
				089C167CFE841241C02AAC07 /* Resources */,
				089C1671FE841209C02AAC07 /* Frameworks and Libraries */,
				19C28FB8FE9D52D311CA2CBB /* Products */,
				60E01B7B0F2B798100931EF9 /* PreferencePane.xib */,
				60E01BE30F2B7FB800931EF9 /* Cocoa.framework */,
				60E01C130F2B81F900931EF9 /* CoreFoundation.framework */,
				60E01C150F2B81F900931EF9 /* CoreServices.framework */,
				60E01C220F2B82FB00931EF9 /* Foundation.framework */,
			);
			name = LazyPoken;
			sourceTree = "<group>";
		};
		089C1671FE841209C02AAC07 /* Frameworks and Libraries */ = {
			isa = PBXGroup;
			children = (
				1058C7ACFEA557BF11CA2CBB /* Linked Frameworks */,
				1058C7AEFEA557BF11CA2CBB /* Other Frameworks */,
			);
			name = "Frameworks and Libraries";
			sourceTree = "<group>";
		};
		089C167CFE841241C02AAC07 /* Resources */ = {
			isa = PBXGroup;
			children = (
				60E01DE70F2BC1B900931EF9 /* hand63.png */,
				60E01C3C0F2B86EB00931EF9 /* hand.icns */,
				8D5B49B7048680CD000E48DA /* Info.plist */,
				089C167DFE841241C02AAC07 /* InfoPlist.strings */,
			);
			name = Resources;
			sourceTree = "<group>";
		};
		08FB77AFFE84173DC02AAC07 /* Classes */ = {
			isa = PBXGroup;
			children = (
				60E01BE80F2B800800931EF9 /* SSYLoginItems */,
				60E01B810F2B79F600931EF9 /* PreferencePaneController.h */,
				60E01B820F2B79F600931EF9 /* PreferencePaneController.m */,
				60E01C780F2B8A9000931EF9 /* LaunchController.h */,
				60E01C790F2B8A9000931EF9 /* LaunchController.m */,
				60E01DB40F2BB4C600931EF9 /* GlobalVariables.h */,
			);
			name = Classes;
			sourceTree = "<group>";
		};
		1058C7ACFEA557BF11CA2CBB /* Linked Frameworks */ = {
			isa = PBXGroup;
			children = (
				60E01B7F0F2B79E200931EF9 /* PreferencePanes.framework */,
				1058C7ADFEA557BF11CA2CBB /* Cocoa.framework */,
			);
			name = "Linked Frameworks";
			sourceTree = "<group>";
		};
		1058C7AEFEA557BF11CA2CBB /* Other Frameworks */ = {
			isa = PBXGroup;
			children = (
				089C167FFE841241C02AAC07 /* AppKit.framework */,
				D2F7E65807B2D6F200F64583 /* CoreData.framework */,
				089C1672FE841209C02AAC07 /* Foundation.framework */,
			);
			name = "Other Frameworks";
			sourceTree = "<group>";
		};
		19C28FB8FE9D52D311CA2CBB /* Products */ = {
			isa = PBXGroup;
			children = (
				8D5B49B6048680CD000E48DA /* LazyPoken.prefpane */,
				60E01CE90F2B93B900931EF9 /* LazyPoken */,
			);
			name = Products;
			sourceTree = "<group>";
		};
		32C88E010371C26100C91783 /* Other Sources */ = {
			isa = PBXGroup;
			children = (
				32DBCF630370AF2F00C91783 /* LazyPoken_Prefix.pch */,
				60E01C2F0F2B843700931EF9 /* LazyPokenLauncher.m */,
			);
			name = "Other Sources";
			sourceTree = "<group>";
		};
/* End PBXGroup section */

/* Begin PBXNativeTarget section */
		60E01BBA0F2B7E1800931EF9 /* LazyPoken */ = {
			isa = PBXNativeTarget;
			buildConfigurationList = 60E01BCD0F2B7E3800931EF9 /* Build configuration list for PBXNativeTarget "LazyPoken" */;
			buildPhases = (
				60E01BB80F2B7E1800931EF9 /* Sources */,
				60E01BB90F2B7E1800931EF9 /* Frameworks */,
				60E01DA10F2B9DB600931EF9 /* CopyFiles */,
			);
			buildRules = (
			);
			dependencies = (
				60E01DA30F2B9E1300931EF9 /* PBXTargetDependency */,
			);
			name = LazyPoken;
			productName = Script;
			productReference = 60E01CE90F2B93B900931EF9 /* LazyPoken */;
			productType = "com.apple.product-type.tool";
		};
		8D5B49AC048680CD000E48DA /* Preference Pane */ = {
			isa = PBXNativeTarget;
			buildConfigurationList = 1DEB913A08733D840010E9CD /* Build configuration list for PBXNativeTarget "Preference Pane" */;
			buildPhases = (
				8D5B49AF048680CD000E48DA /* Resources */,
				8D5B49B1048680CD000E48DA /* Sources */,
				8D5B49B3048680CD000E48DA /* Frameworks */,
			);
			buildRules = (
			);
			dependencies = (
			);
			name = "Preference Pane";
			productInstallPath = "$(HOME)/Library/Bundles";
			productName = LazyPoken;
			productReference = 8D5B49B6048680CD000E48DA /* LazyPoken.prefpane */;
			productType = "com.apple.product-type.bundle";
		};
/* End PBXNativeTarget section */

/* Begin PBXProject section */
		089C1669FE841209C02AAC07 /* Project object */ = {
			isa = PBXProject;
			buildConfigurationList = 1DEB913E08733D840010E9CD /* Build configuration list for PBXProject "LazyPoken" */;
			compatibilityVersion = "Xcode 3.1";
			hasScannedForEncodings = 1;
			mainGroup = 089C166AFE841209C02AAC07 /* LazyPoken */;
			projectDirPath = "";
			projectRoot = "";
			targets = (
				8D5B49AC048680CD000E48DA /* Preference Pane */,
				60E01BBA0F2B7E1800931EF9 /* LazyPoken */,
			);
		};
/* End PBXProject section */

/* Begin PBXResourcesBuildPhase section */
		8D5B49AF048680CD000E48DA /* Resources */ = {
			isa = PBXResourcesBuildPhase;
			buildActionMask = 2147483647;
			files = (
				8D5B49B0048680CD000E48DA /* InfoPlist.strings in Resources */,
				60E01B7C0F2B798100931EF9 /* PreferencePane.xib in Resources */,
				60E01C3D0F2B86EB00931EF9 /* hand.icns in Resources */,
				60E01DE80F2BC1B900931EF9 /* hand63.png in Resources */,
			);
			runOnlyForDeploymentPostprocessing = 0;
		};
/* End PBXResourcesBuildPhase section */

/* Begin PBXSourcesBuildPhase section */
		60E01BB80F2B7E1800931EF9 /* Sources */ = {
			isa = PBXSourcesBuildPhase;
			buildActionMask = 2147483647;
			files = (
				60E01C300F2B843700931EF9 /* LazyPokenLauncher.m in Sources */,
				60E01C7A0F2B8A9000931EF9 /* LaunchController.m in Sources */,
			);
			runOnlyForDeploymentPostprocessing = 0;
		};
		8D5B49B1048680CD000E48DA /* Sources */ = {
			isa = PBXSourcesBuildPhase;
			buildActionMask = 2147483647;
			files = (
				60E01B830F2B79F600931EF9 /* PreferencePaneController.m in Sources */,
			);
			runOnlyForDeploymentPostprocessing = 0;
		};
/* End PBXSourcesBuildPhase section */

/* Begin PBXTargetDependency section */
		60E01DA30F2B9E1300931EF9 /* PBXTargetDependency */ = {
			isa = PBXTargetDependency;
			target = 8D5B49AC048680CD000E48DA /* Preference Pane */;
			targetProxy = 60E01DA20F2B9E1300931EF9 /* PBXContainerItemProxy */;
		};
/* End PBXTargetDependency section */

/* Begin PBXVariantGroup section */
		089C167DFE841241C02AAC07 /* InfoPlist.strings */ = {
			isa = PBXVariantGroup;
			children = (
				089C167EFE841241C02AAC07 /* English */,
			);
			name = InfoPlist.strings;
			sourceTree = "<group>";
		};
/* End PBXVariantGroup section */

/* Begin XCBuildConfiguration section */
		1DEB913B08733D840010E9CD /* Debug */ = {
			isa = XCBuildConfiguration;
			buildSettings = {
				ALWAYS_SEARCH_USER_PATHS = NO;
				COPY_PHASE_STRIP = NO;
				GCC_DYNAMIC_NO_PIC = NO;
				GCC_ENABLE_FIX_AND_CONTINUE = YES;
				GCC_MODEL_TUNING = G5;
				GCC_OPTIMIZATION_LEVEL = 0;
				GCC_PRECOMPILE_PREFIX_HEADER = YES;
				GCC_PREFIX_HEADER = LazyPoken_Prefix.pch;
				INFOPLIST_FILE = Info.plist;
				INSTALL_PATH = "$(HOME)/Library/Bundles";
				PRODUCT_NAME = LazyPoken;
				WRAPPER_EXTENSION = prefpane;
			};
			name = Debug;
		};
		1DEB913C08733D840010E9CD /* Release */ = {
			isa = XCBuildConfiguration;
			buildSettings = {
				ALWAYS_SEARCH_USER_PATHS = NO;
				DEBUG_INFORMATION_FORMAT = "dwarf-with-dsym";
				GCC_MODEL_TUNING = G5;
				GCC_PRECOMPILE_PREFIX_HEADER = YES;
				GCC_PREFIX_HEADER = LazyPoken_Prefix.pch;
				INFOPLIST_FILE = Info.plist;
				INSTALL_PATH = "$(HOME)/Library/Bundles";
				PRODUCT_NAME = LazyPoken;
				WRAPPER_EXTENSION = bundle;
			};
			name = Release;
		};
		1DEB913F08733D840010E9CD /* Debug */ = {
			isa = XCBuildConfiguration;
			buildSettings = {
				ARCHS = "$(ARCHS_STANDARD_32_BIT)";
				GCC_C_LANGUAGE_STANDARD = c99;
				GCC_OPTIMIZATION_LEVEL = 0;
				GCC_WARN_ABOUT_RETURN_TYPE = YES;
				GCC_WARN_UNUSED_VARIABLE = YES;
				ONLY_ACTIVE_ARCH = YES;
				PREBINDING = NO;
				SDKROOT = macosx10.5;
			};
			name = Debug;
		};
		1DEB914008733D840010E9CD /* Release */ = {
			isa = XCBuildConfiguration;
			buildSettings = {
				ARCHS = "$(ARCHS_STANDARD_32_BIT)";
				GCC_C_LANGUAGE_STANDARD = c99;
				GCC_WARN_ABOUT_RETURN_TYPE = YES;
				GCC_WARN_UNUSED_VARIABLE = YES;
				PREBINDING = NO;
				SDKROOT = macosx10.5;
			};
			name = Release;
		};
		60E01BBD0F2B7E1800931EF9 /* Debug */ = {
			isa = XCBuildConfiguration;
			buildSettings = {
				ALWAYS_SEARCH_USER_PATHS = NO;
				CONFIGURATION_BUILD_DIR = "$(BUILD_DIR)/$(CONFIGURATION)$(EFFECTIVE_PLATFORM_NAME)/LazyPoken.prefpane/Contents/Resources";
				CONFIGURATION_TEMP_DIR = "$(PROJECT_TEMP_DIR)/$(CONFIGURATION)$(EFFECTIVE_PLATFORM_NAME)/LazyPoken.prefpane/Contents/Resources";
				COPY_PHASE_STRIP = NO;
				GCC_DYNAMIC_NO_PIC = NO;
				GCC_ENABLE_FIX_AND_CONTINUE = YES;
				GCC_MODEL_TUNING = G5;
				GCC_OPTIMIZATION_LEVEL = 0;
				GCC_PRECOMPILE_PREFIX_HEADER = YES;
				GCC_PREFIX_HEADER = "$(SYSTEM_LIBRARY_DIR)/Frameworks/AppKit.framework/Headers/AppKit.h";
				INSTALL_PATH = /usr/local/bin;
				OTHER_LDFLAGS = (
					"-framework",
					Foundation,
					"-framework",
					AppKit,
				);
				PREBINDING = NO;
				PRODUCT_NAME = LazyPoken;
			};
			name = Debug;
		};
		60E01BBE0F2B7E1800931EF9 /* Release */ = {
			isa = XCBuildConfiguration;
			buildSettings = {
				ALWAYS_SEARCH_USER_PATHS = NO;
				COPY_PHASE_STRIP = YES;
				DEBUG_INFORMATION_FORMAT = "dwarf-with-dsym";
				GCC_ENABLE_FIX_AND_CONTINUE = NO;
				GCC_MODEL_TUNING = G5;
				GCC_PRECOMPILE_PREFIX_HEADER = YES;
				GCC_PREFIX_HEADER = "$(SYSTEM_LIBRARY_DIR)/Frameworks/AppKit.framework/Headers/AppKit.h";
				INSTALL_PATH = /usr/local/bin;
				OTHER_LDFLAGS = (
					"-framework",
					Foundation,
					"-framework",
					AppKit,
				);
				PREBINDING = NO;
				PRODUCT_NAME = Script;
				ZERO_LINK = NO;
			};
			name = Release;
		};
/* End XCBuildConfiguration section */

/* Begin XCConfigurationList section */
		1DEB913A08733D840010E9CD /* Build configuration list for PBXNativeTarget "Preference Pane" */ = {
			isa = XCConfigurationList;
			buildConfigurations = (
				1DEB913B08733D840010E9CD /* Debug */,
				1DEB913C08733D840010E9CD /* Release */,
			);
			defaultConfigurationIsVisible = 0;
			defaultConfigurationName = Release;
		};
		1DEB913E08733D840010E9CD /* Build configuration list for PBXProject "LazyPoken" */ = {
			isa = XCConfigurationList;
			buildConfigurations = (
				1DEB913F08733D840010E9CD /* Debug */,
				1DEB914008733D840010E9CD /* Release */,
			);
			defaultConfigurationIsVisible = 0;
			defaultConfigurationName = Release;
		};
		60E01BCD0F2B7E3800931EF9 /* Build configuration list for PBXNativeTarget "LazyPoken" */ = {
			isa = XCConfigurationList;
			buildConfigurations = (
				60E01BBD0F2B7E1800931EF9 /* Debug */,
				60E01BBE0F2B7E1800931EF9 /* Release */,
			);
			defaultConfigurationIsVisible = 0;
			defaultConfigurationName = Release;
		};
/* End XCConfigurationList section */
	};
	rootObject = 089C1669FE841209C02AAC07 /* Project object */;
}
