// !$*UTF8*$!
{
	archiveVersion = 1;
	classes = {
	};
	objectVersion = 45;
	objects = {

/* Begin PBXBuildFile section */
		6023983A0F346061003FE027 /* NSError+Easy.m in Sources */ = {isa = PBXBuildFile; fileRef = 602398370F346061003FE027 /* NSError+Easy.m */; };
		6023983B0F346061003FE027 /* SSYLoginItems.m in Sources */ = {isa = PBXBuildFile; fileRef = 602398390F346061003FE027 /* SSYLoginItems.m */; };
		60E01B7C0F2B798100931EF9 /* PreferencePane.xib in Resources */ = {isa = PBXBuildFile; fileRef = 60E01B7B0F2B798100931EF9 /* PreferencePane.xib */; };
		60E01B800F2B79E200931EF9 /* PreferencePanes.framework in Frameworks */ = {isa = PBXBuildFile; fileRef = 60E01B7F0F2B79E200931EF9 /* PreferencePanes.framework */; };
		60E01B830F2B79F600931EF9 /* LPPreferencePaneController.m in Sources */ = {isa = PBXBuildFile; fileRef = 60E01B820F2B79F600931EF9 /* LPPreferencePaneController.m */; };
		60E01C160F2B81F900931EF9 /* CoreServices.framework in Frameworks */ = {isa = PBXBuildFile; fileRef = 60E01C150F2B81F900931EF9 /* CoreServices.framework */; };
		60E01C230F2B82FB00931EF9 /* Foundation.framework in Frameworks */ = {isa = PBXBuildFile; fileRef = 60E01C220F2B82FB00931EF9 /* Foundation.framework */; };
		60E01C300F2B843700931EF9 /* LazyPokenLauncher.m in Sources */ = {isa = PBXBuildFile; fileRef = 60E01C2F0F2B843700931EF9 /* LazyPokenLauncher.m */; };
		60E01C3D0F2B86EB00931EF9 /* hand.icns in Resources */ = {isa = PBXBuildFile; fileRef = 60E01C3C0F2B86EB00931EF9 /* hand.icns */; };
		60E01C7A0F2B8A9000931EF9 /* LPLaunchController.m in Sources */ = {isa = PBXBuildFile; fileRef = 60E01C790F2B8A9000931EF9 /* LPLaunchController.m */; };
		8D5B49B4048680CD000E48DA /* Cocoa.framework in Frameworks */ = {isa = PBXBuildFile; fileRef = 1058C7ADFEA557BF11CA2CBB /* Cocoa.framework */; };
		F40AE0480F30C969009B59E1 /* Sparkle.framework in Frameworks */ = {isa = PBXBuildFile; fileRef = F40AE0470F30C969009B59E1 /* Sparkle.framework */; };
		F40AE06D0F30C9E6009B59E1 /* Sparkle.framework in CopyFiles */ = {isa = PBXBuildFile; fileRef = F40AE0470F30C969009B59E1 /* Sparkle.framework */; };
		F438458B0F360EF300C424E2 /* CoreServices.framework in Frameworks */ = {isa = PBXBuildFile; fileRef = 60E01C150F2B81F900931EF9 /* CoreServices.framework */; };
		F438458C0F360EF800C424E2 /* Foundation.framework in Frameworks */ = {isa = PBXBuildFile; fileRef = 60E01C220F2B82FB00931EF9 /* Foundation.framework */; };
		F43845B30F360FEA00C424E2 /* LazyPokenWrapperLauncher.m in Sources */ = {isa = PBXBuildFile; fileRef = F43845B20F360FEA00C424E2 /* LazyPokenWrapperLauncher.m */; };
		F43845B60F36100100C424E2 /* LPWrapperController.m in Sources */ = {isa = PBXBuildFile; fileRef = F43845B50F36100100C424E2 /* LPWrapperController.m */; };
		F43845D10F3610D500C424E2 /* LazyPokenWrapper-Info.plist in Resources */ = {isa = PBXBuildFile; fileRef = F43845D00F3610D500C424E2 /* LazyPokenWrapper-Info.plist */; };
		F43846020F36148C00C424E2 /* hand.icns in CopyFiles */ = {isa = PBXBuildFile; fileRef = 60E01C3C0F2B86EB00931EF9 /* hand.icns */; };
		F456FCF60F2BD10D00421820 /* hand64.png in Resources */ = {isa = PBXBuildFile; fileRef = F456FCF50F2BD10D00421820 /* hand64.png */; };
		F48A6F880F2BF38200FE4F9C /* LICENSE in Resources */ = {isa = PBXBuildFile; fileRef = F48A6F860F2BF38200FE4F9C /* LICENSE */; };
		F48A6F890F2BF38200FE4F9C /* NOTICE in Resources */ = {isa = PBXBuildFile; fileRef = F48A6F870F2BF38200FE4F9C /* NOTICE */; };
		F491252F0F3F2EC0001323D6 /* Localizable.strings in Resources */ = {isa = PBXBuildFile; fileRef = F491252D0F3F2EC0001323D6 /* Localizable.strings */; };
		F4D381B60F336DE5009A1DF9 /* AGProcess.m in Sources */ = {isa = PBXBuildFile; fileRef = F4D381B40F336DE5009A1DF9 /* AGProcess.m */; };
		F4D381B70F336DE5009A1DF9 /* README.txt in Resources */ = {isa = PBXBuildFile; fileRef = F4D381B50F336DE5009A1DF9 /* README.txt */; };
		F4E7F2360F342EC100B130E8 /* hand64stopped.png in Resources */ = {isa = PBXBuildFile; fileRef = F4E7F2340F342EC100B130E8 /* hand64stopped.png */; };
		F4E7F2370F342EC100B130E8 /* hand64running.png in Resources */ = {isa = PBXBuildFile; fileRef = F4E7F2350F342EC100B130E8 /* hand64running.png */; };
/* End PBXBuildFile section */

/* Begin PBXContainerItemProxy section */
		60E01DA20F2B9E1300931EF9 /* PBXContainerItemProxy */ = {
			isa = PBXContainerItemProxy;
			containerPortal = 089C1669FE841209C02AAC07 /* Project object */;
			proxyType = 1;
			remoteGlobalIDString = 8D5B49AC048680CD000E48DA;
			remoteInfo = "Preference Pane";
		};
		F43845890F360EE200C424E2 /* PBXContainerItemProxy */ = {
			isa = PBXContainerItemProxy;
			containerPortal = 089C1669FE841209C02AAC07 /* Project object */;
			proxyType = 1;
			remoteGlobalIDString = 60E01BBA0F2B7E1800931EF9;
			remoteInfo = LazyPoken;
		};
/* End PBXContainerItemProxy section */

/* Begin PBXCopyFilesBuildPhase section */
		60E01DA10F2B9DB600931EF9 /* CopyFiles */ = {
			isa = PBXCopyFilesBuildPhase;
			buildActionMask = 2147483647;
			dstPath = "";
			dstSubfolderSpec = 7;
			files = (
			);
			runOnlyForDeploymentPostprocessing = 0;
		};
		F40AE06C0F30C9B8009B59E1 /* CopyFiles */ = {
			isa = PBXCopyFilesBuildPhase;
			buildActionMask = 2147483647;
			dstPath = "";
			dstSubfolderSpec = 10;
			files = (
				F40AE06D0F30C9E6009B59E1 /* Sparkle.framework in CopyFiles */,
			);
			runOnlyForDeploymentPostprocessing = 0;
		};
		F43846070F36149B00C424E2 /* CopyFiles */ = {
			isa = PBXCopyFilesBuildPhase;
			buildActionMask = 2147483647;
			dstPath = "";
			dstSubfolderSpec = 7;
			files = (
				F43846020F36148C00C424E2 /* hand.icns in CopyFiles */,
			);
			runOnlyForDeploymentPostprocessing = 0;
		};
/* End PBXCopyFilesBuildPhase section */

/* Begin PBXFileReference section */
		089C1672FE841209C02AAC07 /* Foundation.framework */ = {isa = PBXFileReference; lastKnownFileType = wrapper.framework; name = Foundation.framework; path = /System/Library/Frameworks/Foundation.framework; sourceTree = "<absolute>"; };
		089C167FFE841241C02AAC07 /* AppKit.framework */ = {isa = PBXFileReference; lastKnownFileType = wrapper.framework; name = AppKit.framework; path = /System/Library/Frameworks/AppKit.framework; sourceTree = "<absolute>"; };
		1058C7ADFEA557BF11CA2CBB /* Cocoa.framework */ = {isa = PBXFileReference; lastKnownFileType = wrapper.framework; name = Cocoa.framework; path = /System/Library/Frameworks/Cocoa.framework; sourceTree = "<absolute>"; };
		32DBCF630370AF2F00C91783 /* LazyPoken_Prefix.pch */ = {isa = PBXFileReference; fileEncoding = 4; lastKnownFileType = sourcecode.c.h; path = LazyPoken_Prefix.pch; sourceTree = "<group>"; };
		602398360F346061003FE027 /* NSError+Easy.h */ = {isa = PBXFileReference; fileEncoding = 4; lastKnownFileType = sourcecode.c.h; path = "NSError+Easy.h"; sourceTree = "<group>"; };
		602398370F346061003FE027 /* NSError+Easy.m */ = {isa = PBXFileReference; fileEncoding = 4; lastKnownFileType = sourcecode.c.objc; path = "NSError+Easy.m"; sourceTree = "<group>"; };
		602398380F346061003FE027 /* SSYLoginItems.h */ = {isa = PBXFileReference; fileEncoding = 4; lastKnownFileType = sourcecode.c.h; path = SSYLoginItems.h; sourceTree = "<group>"; };
		602398390F346061003FE027 /* SSYLoginItems.m */ = {isa = PBXFileReference; fileEncoding = 4; lastKnownFileType = sourcecode.c.objc; path = SSYLoginItems.m; sourceTree = "<group>"; };
		60E01B7B0F2B798100931EF9 /* PreferencePane.xib */ = {isa = PBXFileReference; lastKnownFileType = file.xib; path = PreferencePane.xib; sourceTree = "<group>"; };
		60E01B7F0F2B79E200931EF9 /* PreferencePanes.framework */ = {isa = PBXFileReference; lastKnownFileType = wrapper.framework; name = PreferencePanes.framework; path = /System/Library/Frameworks/PreferencePanes.framework; sourceTree = "<absolute>"; };
		60E01B810F2B79F600931EF9 /* LPPreferencePaneController.h */ = {isa = PBXFileReference; fileEncoding = 4; lastKnownFileType = sourcecode.c.h; name = LPPreferencePaneController.h; path = classes/LPPreferencePaneController.h; sourceTree = "<group>"; };
		60E01B820F2B79F600931EF9 /* LPPreferencePaneController.m */ = {isa = PBXFileReference; fileEncoding = 4; lastKnownFileType = sourcecode.c.objc; name = LPPreferencePaneController.m; path = classes/LPPreferencePaneController.m; sourceTree = "<group>"; };
		60E01BE30F2B7FB800931EF9 /* Cocoa.framework */ = {isa = PBXFileReference; lastKnownFileType = wrapper.framework; name = Cocoa.framework; path = System/Library/Frameworks/Cocoa.framework; sourceTree = SDKROOT; };
		60E01C130F2B81F900931EF9 /* CoreFoundation.framework */ = {isa = PBXFileReference; lastKnownFileType = wrapper.framework; name = CoreFoundation.framework; path = System/Library/Frameworks/CoreFoundation.framework; sourceTree = SDKROOT; };
		60E01C150F2B81F900931EF9 /* CoreServices.framework */ = {isa = PBXFileReference; lastKnownFileType = wrapper.framework; name = CoreServices.framework; path = System/Library/Frameworks/CoreServices.framework; sourceTree = SDKROOT; };
		60E01C220F2B82FB00931EF9 /* Foundation.framework */ = {isa = PBXFileReference; lastKnownFileType = wrapper.framework; name = Foundation.framework; path = System/Library/Frameworks/Foundation.framework; sourceTree = SDKROOT; };
		60E01C2F0F2B843700931EF9 /* LazyPokenLauncher.m */ = {isa = PBXFileReference; fileEncoding = 4; lastKnownFileType = sourcecode.c.objc; name = LazyPokenLauncher.m; path = classes/LazyPokenLauncher.m; sourceTree = "<group>"; };
		60E01C3C0F2B86EB00931EF9 /* hand.icns */ = {isa = PBXFileReference; lastKnownFileType = image.icns; name = hand.icns; path = resources/hand.icns; sourceTree = "<group>"; };
		60E01C780F2B8A9000931EF9 /* LPLaunchController.h */ = {isa = PBXFileReference; fileEncoding = 4; lastKnownFileType = sourcecode.c.h; name = LPLaunchController.h; path = classes/LPLaunchController.h; sourceTree = "<group>"; };
		60E01C790F2B8A9000931EF9 /* LPLaunchController.m */ = {isa = PBXFileReference; fileEncoding = 4; lastKnownFileType = sourcecode.c.objc; name = LPLaunchController.m; path = classes/LPLaunchController.m; sourceTree = "<group>"; };
		60E01CE90F2B93B900931EF9 /* LazyPoken */ = {isa = PBXFileReference; explicitFileType = "compiled.mach-o.executable"; includeInIndex = 0; path = LazyPoken; sourceTree = BUILT_PRODUCTS_DIR; };
		60E01DB40F2BB4C600931EF9 /* LPGlobalVariables.h */ = {isa = PBXFileReference; fileEncoding = 4; lastKnownFileType = sourcecode.c.h; name = LPGlobalVariables.h; path = classes/LPGlobalVariables.h; sourceTree = "<group>"; };
		8D5B49B6048680CD000E48DA /* LazyPoken.prefpane */ = {isa = PBXFileReference; explicitFileType = wrapper.cfbundle; includeInIndex = 0; path = LazyPoken.prefpane; sourceTree = BUILT_PRODUCTS_DIR; };
		8D5B49B7048680CD000E48DA /* Info.plist */ = {isa = PBXFileReference; fileEncoding = 4; lastKnownFileType = text.plist.xml; path = Info.plist; sourceTree = "<group>"; };
		D2F7E65807B2D6F200F64583 /* CoreData.framework */ = {isa = PBXFileReference; lastKnownFileType = wrapper.framework; name = CoreData.framework; path = /System/Library/Frameworks/CoreData.framework; sourceTree = "<absolute>"; };
		F40AE0470F30C969009B59E1 /* Sparkle.framework */ = {isa = PBXFileReference; lastKnownFileType = wrapper.framework; name = Sparkle.framework; path = frameworks/Sparkle.framework; sourceTree = "<group>"; };
		F43845830F360EBE00C424E2 /* LazyPoken.app */ = {isa = PBXFileReference; explicitFileType = wrapper.application; includeInIndex = 0; path = LazyPoken.app; sourceTree = BUILT_PRODUCTS_DIR; };
		F43845850F360EBE00C424E2 /* LazyPokenApp-Info.plist */ = {isa = PBXFileReference; lastKnownFileType = text.plist.xml; path = "LazyPokenApp-Info.plist"; sourceTree = "<group>"; };
		F43845B20F360FEA00C424E2 /* LazyPokenWrapperLauncher.m */ = {isa = PBXFileReference; fileEncoding = 4; lastKnownFileType = sourcecode.c.objc; name = LazyPokenWrapperLauncher.m; path = classes/LazyPokenWrapperLauncher.m; sourceTree = "<group>"; };
		F43845B40F36100100C424E2 /* LPWrapperController.h */ = {isa = PBXFileReference; fileEncoding = 4; lastKnownFileType = sourcecode.c.h; name = LPWrapperController.h; path = classes/LPWrapperController.h; sourceTree = "<group>"; };
		F43845B50F36100100C424E2 /* LPWrapperController.m */ = {isa = PBXFileReference; fileEncoding = 4; lastKnownFileType = sourcecode.c.objc; name = LPWrapperController.m; path = classes/LPWrapperController.m; sourceTree = "<group>"; };
		F43845D00F3610D500C424E2 /* LazyPokenWrapper-Info.plist */ = {isa = PBXFileReference; fileEncoding = 4; lastKnownFileType = text.plist.xml; path = "LazyPokenWrapper-Info.plist"; sourceTree = "<group>"; };
		F456FCF50F2BD10D00421820 /* hand64.png */ = {isa = PBXFileReference; lastKnownFileType = image.png; name = hand64.png; path = resources/hand64.png; sourceTree = "<group>"; };
		F48A6F860F2BF38200FE4F9C /* LICENSE */ = {isa = PBXFileReference; fileEncoding = 4; lastKnownFileType = text; path = LICENSE; sourceTree = "<group>"; };
		F48A6F870F2BF38200FE4F9C /* NOTICE */ = {isa = PBXFileReference; fileEncoding = 4; lastKnownFileType = text; path = NOTICE; sourceTree = "<group>"; };
		F491252E0F3F2EC0001323D6 /* en */ = {isa = PBXFileReference; fileEncoding = 4; lastKnownFileType = text.plist.strings; name = en; path = en.lproj/Localizable.strings; sourceTree = "<group>"; };
		F49125300F3F2ED1001323D6 /* it */ = {isa = PBXFileReference; lastKnownFileType = text.plist.strings; name = it; path = it.lproj/Localizable.strings; sourceTree = "<group>"; };
		F49125310F3F2EEA001323D6 /* nl */ = {isa = PBXFileReference; lastKnownFileType = text.plist.strings; name = nl; path = nl.lproj/Localizable.strings; sourceTree = "<group>"; };
		F4D381B30F336DE5009A1DF9 /* AGProcess.h */ = {isa = PBXFileReference; fileEncoding = 4; lastKnownFileType = sourcecode.c.h; path = AGProcess.h; sourceTree = "<group>"; };
		F4D381B40F336DE5009A1DF9 /* AGProcess.m */ = {isa = PBXFileReference; fileEncoding = 4; lastKnownFileType = sourcecode.c.objc; path = AGProcess.m; sourceTree = "<group>"; };
		F4D381B50F336DE5009A1DF9 /* README.txt */ = {isa = PBXFileReference; fileEncoding = 4; lastKnownFileType = text; path = README.txt; sourceTree = "<group>"; };
		F4E7F2340F342EC100B130E8 /* hand64stopped.png */ = {isa = PBXFileReference; lastKnownFileType = image.png; name = hand64stopped.png; path = resources/hand64stopped.png; sourceTree = "<group>"; };
		F4E7F2350F342EC100B130E8 /* hand64running.png */ = {isa = PBXFileReference; lastKnownFileType = image.png; name = hand64running.png; path = resources/hand64running.png; sourceTree = "<group>"; };
		F4E9D1A10F44AAC4007E4291 /* ru */ = {isa = PBXFileReference; lastKnownFileType = text.plist.strings; name = ru; path = ru.lproj/Localizable.strings; sourceTree = "<group>"; };
		F4E9D1A20F44AB5D007E4291 /* fr */ = {isa = PBXFileReference; lastKnownFileType = text.plist.strings; name = fr; path = fr.lproj/Localizable.strings; sourceTree = "<group>"; };
		F4E9D1A30F44AB6F007E4291 /* de */ = {isa = PBXFileReference; lastKnownFileType = text.plist.strings; name = de; path = de.lproj/Localizable.strings; sourceTree = "<group>"; };
/* End PBXFileReference section */

/* Begin PBXFrameworksBuildPhase section */
		60E01BB90F2B7E1800931EF9 /* Frameworks */ = {
			isa = PBXFrameworksBuildPhase;
			buildActionMask = 2147483647;
			files = (
				60E01C160F2B81F900931EF9 /* CoreServices.framework in Frameworks */,
				60E01C230F2B82FB00931EF9 /* Foundation.framework in Frameworks */,
			);
			runOnlyForDeploymentPostprocessing = 0;
		};
		8D5B49B3048680CD000E48DA /* Frameworks */ = {
			isa = PBXFrameworksBuildPhase;
			buildActionMask = 2147483647;
			files = (
				8D5B49B4048680CD000E48DA /* Cocoa.framework in Frameworks */,
				60E01B800F2B79E200931EF9 /* PreferencePanes.framework in Frameworks */,
				F40AE0480F30C969009B59E1 /* Sparkle.framework in Frameworks */,
			);
			runOnlyForDeploymentPostprocessing = 0;
		};
		F43845810F360EBE00C424E2 /* Frameworks */ = {
			isa = PBXFrameworksBuildPhase;
			buildActionMask = 2147483647;
			files = (
				F438458B0F360EF300C424E2 /* CoreServices.framework in Frameworks */,
				F438458C0F360EF800C424E2 /* Foundation.framework in Frameworks */,
			);
			runOnlyForDeploymentPostprocessing = 0;
		};
/* End PBXFrameworksBuildPhase section */

/* Begin PBXGroup section */
		089C166AFE841209C02AAC07 /* LazyPoken */ = {
			isa = PBXGroup;
			children = (
				08FB77AFFE84173DC02AAC07 /* Classes */,
				32C88E010371C26100C91783 /* Other Sources */,
				089C167CFE841241C02AAC07 /* Resources */,
				089C1671FE841209C02AAC07 /* Frameworks and Libraries */,
				19C28FB8FE9D52D311CA2CBB /* Products */,
				60E01B7B0F2B798100931EF9 /* PreferencePane.xib */,
				60E01BE30F2B7FB800931EF9 /* Cocoa.framework */,
				60E01C130F2B81F900931EF9 /* CoreFoundation.framework */,
				60E01C150F2B81F900931EF9 /* CoreServices.framework */,
				60E01C220F2B82FB00931EF9 /* Foundation.framework */,
				F43845850F360EBE00C424E2 /* LazyPokenApp-Info.plist */,
			);
			name = LazyPoken;
			sourceTree = "<group>";
		};
		089C1671FE841209C02AAC07 /* Frameworks and Libraries */ = {
			isa = PBXGroup;
			children = (
				1058C7ACFEA557BF11CA2CBB /* Linked Frameworks */,
				1058C7AEFEA557BF11CA2CBB /* Other Frameworks */,
			);
			name = "Frameworks and Libraries";
			sourceTree = "<group>";
		};
		089C167CFE841241C02AAC07 /* Resources */ = {
			isa = PBXGroup;
			children = (
				F491252D0F3F2EC0001323D6 /* Localizable.strings */,
				F48A6F860F2BF38200FE4F9C /* LICENSE */,
				F48A6F870F2BF38200FE4F9C /* NOTICE */,
				60E01C3C0F2B86EB00931EF9 /* hand.icns */,
				F4E7F2340F342EC100B130E8 /* hand64stopped.png */,
				F4E7F2350F342EC100B130E8 /* hand64running.png */,
				F456FCF50F2BD10D00421820 /* hand64.png */,
				8D5B49B7048680CD000E48DA /* Info.plist */,
				F43845D00F3610D500C424E2 /* LazyPokenWrapper-Info.plist */,
			);
			name = Resources;
			sourceTree = "<group>";
		};
		08FB77AFFE84173DC02AAC07 /* Classes */ = {
			isa = PBXGroup;
			children = (
				602398350F346061003FE027 /* SSYLoginItems */,
				F4D381B20F336DE5009A1DF9 /* AGProcess */,
				60E01B810F2B79F600931EF9 /* LPPreferencePaneController.h */,
				60E01B820F2B79F600931EF9 /* LPPreferencePaneController.m */,
				60E01C780F2B8A9000931EF9 /* LPLaunchController.h */,
				60E01C790F2B8A9000931EF9 /* LPLaunchController.m */,
				F43845B40F36100100C424E2 /* LPWrapperController.h */,
				F43845B50F36100100C424E2 /* LPWrapperController.m */,
				60E01DB40F2BB4C600931EF9 /* LPGlobalVariables.h */,
			);
			name = Classes;
			sourceTree = "<group>";
		};
		1058C7ACFEA557BF11CA2CBB /* Linked Frameworks */ = {
			isa = PBXGroup;
			children = (
				F40AE0470F30C969009B59E1 /* Sparkle.framework */,
				60E01B7F0F2B79E200931EF9 /* PreferencePanes.framework */,
				1058C7ADFEA557BF11CA2CBB /* Cocoa.framework */,
			);
			name = "Linked Frameworks";
			sourceTree = "<group>";
		};
		1058C7AEFEA557BF11CA2CBB /* Other Frameworks */ = {
			isa = PBXGroup;
			children = (
				089C167FFE841241C02AAC07 /* AppKit.framework */,
				D2F7E65807B2D6F200F64583 /* CoreData.framework */,
				089C1672FE841209C02AAC07 /* Foundation.framework */,
			);
			name = "Other Frameworks";
			sourceTree = "<group>";
		};
		19C28FB8FE9D52D311CA2CBB /* Products */ = {
			isa = PBXGroup;
			children = (
				8D5B49B6048680CD000E48DA /* LazyPoken.prefpane */,
				60E01CE90F2B93B900931EF9 /* LazyPoken */,
				F43845830F360EBE00C424E2 /* LazyPoken.app */,
			);
			name = Products;
			sourceTree = "<group>";
		};
		32C88E010371C26100C91783 /* Other Sources */ = {
			isa = PBXGroup;
			children = (
				32DBCF630370AF2F00C91783 /* LazyPoken_Prefix.pch */,
				F43845B20F360FEA00C424E2 /* LazyPokenWrapperLauncher.m */,
				60E01C2F0F2B843700931EF9 /* LazyPokenLauncher.m */,
			);
			name = "Other Sources";
			sourceTree = "<group>";
		};
		602398350F346061003FE027 /* SSYLoginItems */ = {
			isa = PBXGroup;
			children = (
				602398360F346061003FE027 /* NSError+Easy.h */,
				602398370F346061003FE027 /* NSError+Easy.m */,
				602398380F346061003FE027 /* SSYLoginItems.h */,
				602398390F346061003FE027 /* SSYLoginItems.m */,
			);
			name = SSYLoginItems;
			path = classes/SSYLoginItems;
			sourceTree = "<group>";
		};
		F4D381B20F336DE5009A1DF9 /* AGProcess */ = {
			isa = PBXGroup;
			children = (
				F4D381B30F336DE5009A1DF9 /* AGProcess.h */,
				F4D381B40F336DE5009A1DF9 /* AGProcess.m */,
				F4D381B50F336DE5009A1DF9 /* README.txt */,
			);
			name = AGProcess;
			path = classes/AGProcess;
			sourceTree = "<group>";
		};
/* End PBXGroup section */

/* Begin PBXNativeTarget section */
		60E01BBA0F2B7E1800931EF9 /* LazyPoken */ = {
			isa = PBXNativeTarget;
			buildConfigurationList = 60E01BCD0F2B7E3800931EF9 /* Build configuration list for PBXNativeTarget "LazyPoken" */;
			buildPhases = (
				60E01BB80F2B7E1800931EF9 /* Sources */,
				60E01BB90F2B7E1800931EF9 /* Frameworks */,
				60E01DA10F2B9DB600931EF9 /* CopyFiles */,
			);
			buildRules = (
			);
			dependencies = (
				60E01DA30F2B9E1300931EF9 /* PBXTargetDependency */,
			);
			name = LazyPoken;
			productName = Script;
			productReference = 60E01CE90F2B93B900931EF9 /* LazyPoken */;
			productType = "com.apple.product-type.tool";
		};
		8D5B49AC048680CD000E48DA /* Preference Pane */ = {
			isa = PBXNativeTarget;
			buildConfigurationList = 1DEB913A08733D840010E9CD /* Build configuration list for PBXNativeTarget "Preference Pane" */;
			buildPhases = (
				8D5B49AF048680CD000E48DA /* Resources */,
				8D5B49B1048680CD000E48DA /* Sources */,
				8D5B49B3048680CD000E48DA /* Frameworks */,
				F40AE06C0F30C9B8009B59E1 /* CopyFiles */,
			);
			buildRules = (
			);
			dependencies = (
			);
			name = "Preference Pane";
			productInstallPath = "$(HOME)/Library/Bundles";
			productName = LazyPoken;
			productReference = 8D5B49B6048680CD000E48DA /* LazyPoken.prefpane */;
			productType = "com.apple.product-type.bundle";
		};
		F43845820F360EBE00C424E2 /* LazyPokenApp */ = {
			isa = PBXNativeTarget;
			buildConfigurationList = F43845880F360EBF00C424E2 /* Build configuration list for PBXNativeTarget "LazyPokenApp" */;
			buildPhases = (
				F438457F0F360EBE00C424E2 /* Resources */,
				F43845800F360EBE00C424E2 /* Sources */,
				F43845810F360EBE00C424E2 /* Frameworks */,
				F43846070F36149B00C424E2 /* CopyFiles */,
			);
			buildRules = (
			);
			dependencies = (
				F438458A0F360EE200C424E2 /* PBXTargetDependency */,
			);
			name = LazyPokenApp;
			productName = LazyPokenApp;
			productReference = F43845830F360EBE00C424E2 /* LazyPoken.app */;
			productType = "com.apple.product-type.application";
		};
/* End PBXNativeTarget section */

/* Begin PBXProject section */
		089C1669FE841209C02AAC07 /* Project object */ = {
			isa = PBXProject;
			buildConfigurationList = 1DEB913E08733D840010E9CD /* Build configuration list for PBXProject "LazyPoken" */;
			compatibilityVersion = "Xcode 3.1";
			hasScannedForEncodings = 1;
			knownRegions = (
				English,
				Japanese,
				French,
				German,
				en,
				nl,
				it,
				ru,
				fr,
				de,
			);
			mainGroup = 089C166AFE841209C02AAC07 /* LazyPoken */;
			projectDirPath = "";
			projectRoot = "";
			targets = (
				8D5B49AC048680CD000E48DA /* Preference Pane */,
				60E01BBA0F2B7E1800931EF9 /* LazyPoken */,
				F43845820F360EBE00C424E2 /* LazyPokenApp */,
			);
		};
/* End PBXProject section */

/* Begin PBXResourcesBuildPhase section */
		8D5B49AF048680CD000E48DA /* Resources */ = {
			isa = PBXResourcesBuildPhase;
			buildActionMask = 2147483647;
			files = (
				60E01B7C0F2B798100931EF9 /* PreferencePane.xib in Resources */,
				60E01C3D0F2B86EB00931EF9 /* hand.icns in Resources */,
				F456FCF60F2BD10D00421820 /* hand64.png in Resources */,
				F48A6F880F2BF38200FE4F9C /* LICENSE in Resources */,
				F48A6F890F2BF38200FE4F9C /* NOTICE in Resources */,
				F4D381B70F336DE5009A1DF9 /* README.txt in Resources */,
				F4E7F2360F342EC100B130E8 /* hand64stopped.png in Resources */,
				F4E7F2370F342EC100B130E8 /* hand64running.png in Resources */,
				F491252F0F3F2EC0001323D6 /* Localizable.strings in Resources */,
			);
			runOnlyForDeploymentPostprocessing = 0;
		};
		F438457F0F360EBE00C424E2 /* Resources */ = {
			isa = PBXResourcesBuildPhase;
			buildActionMask = 2147483647;
			files = (
				F43845D10F3610D500C424E2 /* LazyPokenWrapper-Info.plist in Resources */,
			);
			runOnlyForDeploymentPostprocessing = 0;
		};
/* End PBXResourcesBuildPhase section */

/* Begin PBXSourcesBuildPhase section */
		60E01BB80F2B7E1800931EF9 /* Sources */ = {
			isa = PBXSourcesBuildPhase;
			buildActionMask = 2147483647;
			files = (
				60E01C300F2B843700931EF9 /* LazyPokenLauncher.m in Sources */,
				60E01C7A0F2B8A9000931EF9 /* LPLaunchController.m in Sources */,
			);
			runOnlyForDeploymentPostprocessing = 0;
		};
		8D5B49B1048680CD000E48DA /* Sources */ = {
			isa = PBXSourcesBuildPhase;
			buildActionMask = 2147483647;
			files = (
				60E01B830F2B79F600931EF9 /* LPPreferencePaneController.m in Sources */,
				F4D381B60F336DE5009A1DF9 /* AGProcess.m in Sources */,
				6023983A0F346061003FE027 /* NSError+Easy.m in Sources */,
				6023983B0F346061003FE027 /* SSYLoginItems.m in Sources */,
			);
			runOnlyForDeploymentPostprocessing = 0;
		};
		F43845800F360EBE00C424E2 /* Sources */ = {
			isa = PBXSourcesBuildPhase;
			buildActionMask = 2147483647;
			files = (
				F43845B30F360FEA00C424E2 /* LazyPokenWrapperLauncher.m in Sources */,
				F43845B60F36100100C424E2 /* LPWrapperController.m in Sources */,
			);
			runOnlyForDeploymentPostprocessing = 0;
		};
/* End PBXSourcesBuildPhase section */

/* Begin PBXTargetDependency section */
		60E01DA30F2B9E1300931EF9 /* PBXTargetDependency */ = {
			isa = PBXTargetDependency;
			target = 8D5B49AC048680CD000E48DA /* Preference Pane */;
			targetProxy = 60E01DA20F2B9E1300931EF9 /* PBXContainerItemProxy */;
		};
		F438458A0F360EE200C424E2 /* PBXTargetDependency */ = {
			isa = PBXTargetDependency;
			target = 60E01BBA0F2B7E1800931EF9 /* LazyPoken */;
			targetProxy = F43845890F360EE200C424E2 /* PBXContainerItemProxy */;
		};
/* End PBXTargetDependency section */

/* Begin PBXVariantGroup section */
		F491252D0F3F2EC0001323D6 /* Localizable.strings */ = {
			isa = PBXVariantGroup;
			children = (
				F491252E0F3F2EC0001323D6 /* en */,
				F49125300F3F2ED1001323D6 /* it */,
				F49125310F3F2EEA001323D6 /* nl */,
				F4E9D1A10F44AAC4007E4291 /* ru */,
				F4E9D1A20F44AB5D007E4291 /* fr */,
				F4E9D1A30F44AB6F007E4291 /* de */,
			);
			name = Localizable.strings;
			sourceTree = "<group>";
		};
/* End PBXVariantGroup section */

/* Begin XCBuildConfiguration section */
		1DEB913B08733D840010E9CD /* Debug */ = {
			isa = XCBuildConfiguration;
			buildSettings = {
				ALWAYS_SEARCH_USER_PATHS = NO;
				COPY_PHASE_STRIP = NO;
				FRAMEWORK_SEARCH_PATHS = (
					"$(inherited)",
					"\"$(SRCROOT)/frameworks\"",
				);
				GCC_DYNAMIC_NO_PIC = NO;
				GCC_ENABLE_FIX_AND_CONTINUE = YES;
				GCC_MODEL_TUNING = G5;
				GCC_OPTIMIZATION_LEVEL = 0;
				GCC_PRECOMPILE_PREFIX_HEADER = YES;
				GCC_PREFIX_HEADER = LazyPoken_Prefix.pch;
				INFOPLIST_FILE = Info.plist;
				INSTALL_PATH = "$(HOME)/Library/Bundles";
				PRODUCT_NAME = LazyPoken;
				WRAPPER_EXTENSION = prefpane;
			};
			name = Debug;
		};
		1DEB913C08733D840010E9CD /* Release */ = {
			isa = XCBuildConfiguration;
			buildSettings = {
				ALWAYS_SEARCH_USER_PATHS = NO;
				DEBUG_INFORMATION_FORMAT = "dwarf-with-dsym";
				FRAMEWORK_SEARCH_PATHS = (
					"$(inherited)",
					"\"$(SRCROOT)/frameworks\"",
				);
				GCC_MODEL_TUNING = G5;
				GCC_PRECOMPILE_PREFIX_HEADER = YES;
				GCC_PREFIX_HEADER = LazyPoken_Prefix.pch;
				INFOPLIST_FILE = Info.plist;
				INSTALL_PATH = "$(HOME)/Library/Bundles";
				PRODUCT_NAME = LazyPoken;
				WRAPPER_EXTENSION = prefpane;
			};
			name = Release;
		};
		1DEB913F08733D840010E9CD /* Debug */ = {
			isa = XCBuildConfiguration;
			buildSettings = {
				ARCHS = "$(ARCHS_STANDARD_32_BIT)";
				GCC_C_LANGUAGE_STANDARD = c99;
				GCC_OPTIMIZATION_LEVEL = 0;
				GCC_WARN_ABOUT_RETURN_TYPE = YES;
				GCC_WARN_UNUSED_VARIABLE = YES;
				ONLY_ACTIVE_ARCH = YES;
				PREBINDING = NO;
				SDKROOT = macosx10.5;
			};
			name = Debug;
		};
		1DEB914008733D840010E9CD /* Release */ = {
			isa = XCBuildConfiguration;
			buildSettings = {
				ARCHS = "$(ARCHS_STANDARD_32_BIT)";
				GCC_C_LANGUAGE_STANDARD = c99;
				GCC_WARN_ABOUT_RETURN_TYPE = YES;
				GCC_WARN_UNUSED_VARIABLE = YES;
				PREBINDING = NO;
				SDKROOT = macosx10.5;
			};
			name = Release;
		};
		60E01BBD0F2B7E1800931EF9 /* Debug */ = {
			isa = XCBuildConfiguration;
			buildSettings = {
				ALWAYS_SEARCH_USER_PATHS = NO;
				CONFIGURATION_BUILD_DIR = "$(BUILD_DIR)/$(CONFIGURATION)$(EFFECTIVE_PLATFORM_NAME)/LazyPoken.prefpane/Contents/Resources";
				CONFIGURATION_TEMP_DIR = "$(PROJECT_TEMP_DIR)/$(CONFIGURATION)$(EFFECTIVE_PLATFORM_NAME)/LazyPoken.prefpane/Contents/Resources";
				COPY_PHASE_STRIP = NO;
				GCC_DYNAMIC_NO_PIC = NO;
				GCC_ENABLE_FIX_AND_CONTINUE = YES;
				GCC_MODEL_TUNING = G5;
				GCC_OPTIMIZATION_LEVEL = 0;
				GCC_PRECOMPILE_PREFIX_HEADER = YES;
				GCC_PREFIX_HEADER = "$(SYSTEM_LIBRARY_DIR)/Frameworks/AppKit.framework/Headers/AppKit.h";
				INSTALL_PATH = /usr/local/bin;
				OTHER_LDFLAGS = (
					"-framework",
					Foundation,
					"-framework",
					AppKit,
				);
				PREBINDING = NO;
				PRODUCT_NAME = LazyPoken;
			};
			name = Debug;
		};
		60E01BBE0F2B7E1800931EF9 /* Release */ = {
			isa = XCBuildConfiguration;
			buildSettings = {
				ALWAYS_SEARCH_USER_PATHS = NO;
				CONFIGURATION_BUILD_DIR = "$(BUILD_DIR)/$(CONFIGURATION)$(EFFECTIVE_PLATFORM_NAME)/LazyPoken.prefpane/Contents/Resources";
				CONFIGURATION_TEMP_DIR = "$(PROJECT_TEMP_DIR)/$(CONFIGURATION)$(EFFECTIVE_PLATFORM_NAME)/LazyPoken.prefpane/Contents/Resources";
				COPY_PHASE_STRIP = YES;
				DEBUG_INFORMATION_FORMAT = "dwarf-with-dsym";
				GCC_ENABLE_FIX_AND_CONTINUE = NO;
				GCC_MODEL_TUNING = G5;
				GCC_PRECOMPILE_PREFIX_HEADER = YES;
				GCC_PREFIX_HEADER = "$(SYSTEM_LIBRARY_DIR)/Frameworks/AppKit.framework/Headers/AppKit.h";
				INSTALL_PATH = /usr/local/bin;
				OTHER_LDFLAGS = (
					"-framework",
					Foundation,
					"-framework",
					AppKit,
				);
				PREBINDING = NO;
				PRODUCT_NAME = LazyPoken;
				ZERO_LINK = NO;
			};
			name = Release;
		};
		F43845860F360EBF00C424E2 /* Debug */ = {
			isa = XCBuildConfiguration;
			buildSettings = {
				ALWAYS_SEARCH_USER_PATHS = NO;
				COPY_PHASE_STRIP = NO;
				GCC_DYNAMIC_NO_PIC = NO;
				GCC_ENABLE_FIX_AND_CONTINUE = YES;
				GCC_MODEL_TUNING = G5;
				GCC_OPTIMIZATION_LEVEL = 0;
				GCC_PRECOMPILE_PREFIX_HEADER = YES;
				GCC_PREFIX_HEADER = "$(SYSTEM_LIBRARY_DIR)/Frameworks/AppKit.framework/Headers/AppKit.h";
				INFOPLIST_FILE = "LazyPokenApp-Info.plist";
				INSTALL_PATH = "$(HOME)/Applications";
				OTHER_LDFLAGS = (
					"-framework",
					Foundation,
					"-framework",
					AppKit,
				);
				PREBINDING = NO;
				PRODUCT_NAME = LazyPokenApp;
			};
			name = Debug;
		};
		F43845870F360EBF00C424E2 /* Release */ = {
			isa = XCBuildConfiguration;
			buildSettings = {
				ALWAYS_SEARCH_USER_PATHS = NO;
				CONFIGURATION_BUILD_DIR = "$(BUILD_DIR)/$(CONFIGURATION)$(EFFECTIVE_PLATFORM_NAME)/LazyPoken.prefpane/Contents/Resources";
				CONFIGURATION_TEMP_DIR = "$(PROJECT_TEMP_DIR)/$(CONFIGURATION)$(EFFECTIVE_PLATFORM_NAME)/LazyPoken.prefpane/Contents/Resources";
				COPY_PHASE_STRIP = YES;
				DEBUG_INFORMATION_FORMAT = "dwarf-with-dsym";
				GCC_ENABLE_FIX_AND_CONTINUE = NO;
				GCC_MODEL_TUNING = G5;
				GCC_PRECOMPILE_PREFIX_HEADER = YES;
				GCC_PREFIX_HEADER = "$(SYSTEM_LIBRARY_DIR)/Frameworks/AppKit.framework/Headers/AppKit.h";
				INFOPLIST_FILE = "LazyPokenApp-Info.plist";
				INSTALL_PATH = "$(HOME)/Applications";
				OTHER_LDFLAGS = (
					"-framework",
					Foundation,
					"-framework",
					AppKit,
				);
				PREBINDING = NO;
				PRODUCT_NAME = LazyPoken;
				ZERO_LINK = NO;
			};
			name = Release;
		};
/* End XCBuildConfiguration section */

/* Begin XCConfigurationList section */
		1DEB913A08733D840010E9CD /* Build configuration list for PBXNativeTarget "Preference Pane" */ = {
			isa = XCConfigurationList;
			buildConfigurations = (
				1DEB913B08733D840010E9CD /* Debug */,
				1DEB913C08733D840010E9CD /* Release */,
			);
			defaultConfigurationIsVisible = 0;
			defaultConfigurationName = Release;
		};
		1DEB913E08733D840010E9CD /* Build configuration list for PBXProject "LazyPoken" */ = {
			isa = XCConfigurationList;
			buildConfigurations = (
				1DEB913F08733D840010E9CD /* Debug */,
				1DEB914008733D840010E9CD /* Release */,
			);
			defaultConfigurationIsVisible = 0;
			defaultConfigurationName = Release;
		};
		60E01BCD0F2B7E3800931EF9 /* Build configuration list for PBXNativeTarget "LazyPoken" */ = {
			isa = XCConfigurationList;
			buildConfigurations = (
				60E01BBD0F2B7E1800931EF9 /* Debug */,
				60E01BBE0F2B7E1800931EF9 /* Release */,
			);
			defaultConfigurationIsVisible = 0;
			defaultConfigurationName = Release;
		};
		F43845880F360EBF00C424E2 /* Build configuration list for PBXNativeTarget "LazyPokenApp" */ = {
			isa = XCConfigurationList;
			buildConfigurations = (
				F43845860F360EBF00C424E2 /* Debug */,
				F43845870F360EBF00C424E2 /* Release */,
			);
			defaultConfigurationIsVisible = 0;
			defaultConfigurationName = Release;
		};
/* End XCConfigurationList section */
	};
	rootObject = 089C1669FE841209C02AAC07 /* Project object */;
}
